
Microsoft Visual Studio Solution File, Format Version 12.00
# Visual Studio Version 16
VisualStudioVersion = 16.0.32802.440
MinimumVisualStudioVersion = 10.0.40219.1
Project("{FAE04EC0-301F-11D3-BF4B-00C04F79EFBC}") = "QRCodeApp", "QRCodeApp\QRCodeApp.csproj", "{2DA01905-7513-4EFC-A2F2-5126329EC718}"
EndProject
Project("{C7167F0D-BC9F-4E6E-AFE1-012C56B48DB5}") = "QRCodeAppPackaging", "QRCodeAppPackaging\QRCodeAppPackaging.wapproj", "{6EEB0E95-AD22-4F58-962A-2F9BF3086E92}"
EndProject
Global
	GlobalSection(SolutionConfigurationPlatforms) = preSolution
		Debug|Any CPU = Debug|Any CPU
		Debug|ARM = Debug|ARM
		Debug|ARM64 = Debug|ARM64
		Debug|x64 = Debug|x64
		Debug|x86 = Debug|x86
		Release|Any CPU = Release|Any CPU
		Release|ARM = Release|ARM
		Release|ARM64 = Release|ARM64
		Release|x64 = Release|x64
		Release|x86 = Release|x86
	EndGlobalSection
	GlobalSection(ProjectConfigurationPlatforms) = postSolution
		{2DA01905-7513-4EFC-A2F2-5126329EC718}.Debug|Any CPU.ActiveCfg = Debug|Any CPU
		{2DA01905-7513-4EFC-A2F2-5126329EC718}.Debug|Any CPU.Build.0 = Debug|Any CPU
		{2DA01905-7513-4EFC-A2F2-5126329EC718}.Debug|ARM.ActiveCfg = Debug|ARM
		{2DA01905-7513-4EFC-A2F2-5126329EC718}.Debug|ARM.Build.0 = Debug|ARM
		{2DA01905-7513-4EFC-A2F2-5126329EC718}.Debug|ARM64.ActiveCfg = Debug|ARM64
		{2DA01905-7513-4EFC-A2F2-5126329EC718}.Debug|ARM64.Build.0 = Debug|ARM64
		{2DA01905-7513-4EFC-A2F2-5126329EC718}.Debug|x64.ActiveCfg = Debug|Any CPU
		{2DA01905-7513-4EFC-A2F2-5126329EC718}.Debug|x64.Build.0 = Debug|Any CPU
		{2DA01905-7513-4EFC-A2F2-5126329EC718}.Debug|x86.ActiveCfg = Debug|Win32
		{2DA01905-7513-4EFC-A2F2-5126329EC718}.Debug|x86.Build.0 = Debug|Win32
		{2DA01905-7513-4EFC-A2F2-5126329EC718}.Release|Any CPU.ActiveCfg = Release|Any CPU
		{2DA01905-7513-4EFC-A2F2-5126329EC718}.Release|Any CPU.Build.0 = Release|Any CPU
		{2DA01905-7513-4EFC-A2F2-5126329EC718}.Release|ARM.ActiveCfg = Release|ARM
		{2DA01905-7513-4EFC-A2F2-5126329EC718}.Release|ARM.Build.0 = Release|ARM
		{2DA01905-7513-4EFC-A2F2-5126329EC718}.Release|ARM64.ActiveCfg = Release|ARM64
		{2DA01905-7513-4EFC-A2F2-5126329EC718}.Release|ARM64.Build.0 = Release|ARM64
		{2DA01905-7513-4EFC-A2F2-5126329EC718}.Release|x64.ActiveCfg = Release|Any CPU
		{2DA01905-7513-4EFC-A2F2-5126329EC718}.Release|x64.Build.0 = Release|Any CPU
		{2DA01905-7513-4EFC-A2F2-5126329EC718}.Release|x86.ActiveCfg = Release|Win32
		{2DA01905-7513-4EFC-A2F2-5126329EC718}.Release|x86.Build.0 = Release|Win32
		{6EEB0E95-AD22-4F58-962A-2F9BF3086E92}.Debug|Any CPU.ActiveCfg = Debug|Any CPU
		{6EEB0E95-AD22-4F58-962A-2F9BF3086E92}.Debug|Any CPU.Build.0 = Debug|Any CPU
		{6EEB0E95-AD22-4F58-962A-2F9BF3086E92}.Debug|Any CPU.Deploy.0 = Debug|Any CPU
		{6EEB0E95-AD22-4F58-962A-2F9BF3086E92}.Debug|ARM.ActiveCfg = Debug|ARM
		{6EEB0E95-AD22-4F58-962A-2F9BF3086E92}.Debug|ARM.Build.0 = Debug|ARM
		{6EEB0E95-AD22-4F58-962A-2F9BF3086E92}.Debug|ARM.Deploy.0 = Debug|ARM
		{6EEB0E95-AD22-4F58-962A-2F9BF3086E92}.Debug|ARM64.ActiveCfg = Debug|ARM64
		{6EEB0E95-AD22-4F58-962A-2F9BF3086E92}.Debug|ARM64.Build.0 = Debug|ARM64
		{6EEB0E95-AD22-4F58-962A-2F9BF3086E92}.Debug|ARM64.Deploy.0 = Debug|ARM64
		{6EEB0E95-AD22-4F58-962A-2F9BF3086E92}.Debug|x64.ActiveCfg = Debug|x64
		{6EEB0E95-AD22-4F58-962A-2F9BF3086E92}.Debug|x64.Build.0 = Debug|x64
		{6EEB0E95-AD22-4F58-962A-2F9BF3086E92}.Debug|x64.Deploy.0 = Debug|x64
		{6EEB0E95-AD22-4F58-962A-2F9BF3086E92}.Debug|x86.ActiveCfg = Debug|x86
		{6EEB0E95-AD22-4F58-962A-2F9BF3086E92}.Debug|x86.Build.0 = Debug|x86
		{6EEB0E95-AD22-4F58-962A-2F9BF3086E92}.Debug|x86.Deploy.0 = Debug|x86
		{6EEB0E95-AD22-4F58-962A-2F9BF3086E92}.Release|Any CPU.ActiveCfg = Release|Any CPU
		{6EEB0E95-AD22-4F58-962A-2F9BF3086E92}.Release|Any CPU.Build.0 = Release|Any CPU
		{6EEB0E95-AD22-4F58-962A-2F9BF3086E92}.Release|Any CPU.Deploy.0 = Release|Any CPU
		{6EEB0E95-AD22-4F58-962A-2F9BF3086E92}.Release|ARM.ActiveCfg = Release|ARM
		{6EEB0E95-AD22-4F58-962A-2F9BF3086E92}.Release|ARM.Build.0 = Release|ARM
		{6EEB0E95-AD22-4F58-962A-2F9BF3086E92}.Release|ARM.Deploy.0 = Release|ARM
		{6EEB0E95-AD22-4F58-962A-2F9BF3086E92}.Release|ARM64.ActiveCfg = Release|ARM64
		{6EEB0E95-AD22-4F58-962A-2F9BF3086E92}.Release|ARM64.Build.0 = Release|ARM64
		{6EEB0E95-AD22-4F58-962A-2F9BF3086E92}.Release|ARM64.Deploy.0 = Release|ARM64
		{6EEB0E95-AD22-4F58-962A-2F9BF3086E92}.Release|x64.ActiveCfg = Release|x64
		{6EEB0E95-AD22-4F58-962A-2F9BF3086E92}.Release|x64.Build.0 = Release|x64
		{6EEB0E95-AD22-4F58-962A-2F9BF3086E92}.Release|x64.Deploy.0 = Release|x64
		{6EEB0E95-AD22-4F58-962A-2F9BF3086E92}.Release|x86.ActiveCfg = Release|x86
		{6EEB0E95-AD22-4F58-962A-2F9BF3086E92}.Release|x86.Build.0 = Release|x86
		{6EEB0E95-AD22-4F58-962A-2F9BF3086E92}.Release|x86.Deploy.0 = Release|x86
	EndGlobalSection
	GlobalSection(SolutionProperties) = preSolution
		HideSolutionNode = FALSE
	EndGlobalSection
	GlobalSection(ExtensibilityGlobals) = postSolution
		SolutionGuid = {A7D00E92-254B-4EBE-9112-765E8643CE99}
	EndGlobalSection
EndGlobal
